
Microsoft Visual Studio Solution File, Format Version 12.00
# Visual Studio Version 16
VisualStudioVersion = 16.0.31702.278
MinimumVisualStudioVersion = 10.0.40219.1
Project("{9A19103F-16F7-4668-BE54-9A1E7A4F7556}") = "EFCoreCodeFirstSampleWEBAPI", "EFCoreCodeFirstSampleWEBAPI\EFCoreCodeFirstSampleWEBAPI.csproj", "{94EEC534-2DE0-4561-A669-2B3126065387}"
EndProject
Project("{9A19103F-16F7-4668-BE54-9A1E7A4F7556}") = "EFCoreCodeFirstSampleWEBAPI.DAL", "EFCoreCodeFirstSampleWEBAPI.DAL\EFCoreCodeFirstSampleWEBAPI.DAL.csproj", "{940ACA75-8141-4FA6-B3D6-B1AC6EAED8EA}"
EndProject
Project("{9A19103F-16F7-4668-BE54-9A1E7A4F7556}") = "EFCoreCodeFirstSampleWEBAPI.BLL", "EFCoreCodeFirstSampleWEBAPI.BLL\EFCoreCodeFirstSampleWEBAPI.BLL.csproj", "{1514F9FC-400B-42C8-8EA4-CEA3C48443F6}"
EndProject
Project("{FAE04EC0-301F-11D3-BF4B-00C04F79EFBC}") = "EFCoreCodeFirstSampleWEBAPI.UnitTests", "EFCoreCodeFirstSampleWEBAPI.UnitTests\EFCoreCodeFirstSampleWEBAPI.UnitTests.csproj", "{E8F49214-E2B4-4AE0-9716-9B306619E441}"
EndProject
Project("{FAE04EC0-301F-11D3-BF4B-00C04F79EFBC}") = "EFCoreCodeFirstSampleWEBAPI.BLL.UnitTests", "EFCoreCodeFirstSampleWEBAPI.BLL.UnitTests\EFCoreCodeFirstSampleWEBAPI.BLL.UnitTests.csproj", "{8235DE53-B782-44C7-9D30-2C946E948E71}"
EndProject
Project("{2150E333-8FDC-42A3-9474-1A3956D46DE8}") = "Src", "Src", "{CA76D2CE-6C89-48AE-9475-36D03BF140BF}"
EndProject
Project("{2150E333-8FDC-42A3-9474-1A3956D46DE8}") = "Tests", "Tests", "{884DFE32-958C-4C85-87E5-1A18CFC68010}"
EndProject
Project("{FAE04EC0-301F-11D3-BF4B-00C04F79EFBC}") = "EFCoreCodeFirstSampleWEBAPI.DAL.UnitTests", "EFCoreCodeFirstSampleWEBAPI.DAL.UnitTests\EFCoreCodeFirstSampleWEBAPI.DAL.UnitTests.csproj", "{78EBBB07-B71C-4E63-AA82-9FB7C89CB783}"
EndProject
Global
	GlobalSection(SolutionConfigurationPlatforms) = preSolution
		Debug|Any CPU = Debug|Any CPU
		Release|Any CPU = Release|Any CPU
	EndGlobalSection
	GlobalSection(ProjectConfigurationPlatforms) = postSolution
		{94EEC534-2DE0-4561-A669-2B3126065387}.Debug|Any CPU.ActiveCfg = Debug|Any CPU
		{94EEC534-2DE0-4561-A669-2B3126065387}.Debug|Any CPU.Build.0 = Debug|Any CPU
		{94EEC534-2DE0-4561-A669-2B3126065387}.Release|Any CPU.ActiveCfg = Release|Any CPU
		{94EEC534-2DE0-4561-A669-2B3126065387}.Release|Any CPU.Build.0 = Release|Any CPU
		{940ACA75-8141-4FA6-B3D6-B1AC6EAED8EA}.Debug|Any CPU.ActiveCfg = Debug|Any CPU
		{940ACA75-8141-4FA6-B3D6-B1AC6EAED8EA}.Debug|Any CPU.Build.0 = Debug|Any CPU
		{940ACA75-8141-4FA6-B3D6-B1AC6EAED8EA}.Release|Any CPU.ActiveCfg = Release|Any CPU
		{940ACA75-8141-4FA6-B3D6-B1AC6EAED8EA}.Release|Any CPU.Build.0 = Release|Any CPU
		{1514F9FC-400B-42C8-8EA4-CEA3C48443F6}.Debug|Any CPU.ActiveCfg = Debug|Any CPU
		{1514F9FC-400B-42C8-8EA4-CEA3C48443F6}.Debug|Any CPU.Build.0 = Debug|Any CPU
		{1514F9FC-400B-42C8-8EA4-CEA3C48443F6}.Release|Any CPU.ActiveCfg = Release|Any CPU
		{1514F9FC-400B-42C8-8EA4-CEA3C48443F6}.Release|Any CPU.Build.0 = Release|Any CPU
		{E8F49214-E2B4-4AE0-9716-9B306619E441}.Debug|Any CPU.ActiveCfg = Debug|Any CPU
		{E8F49214-E2B4-4AE0-9716-9B306619E441}.Debug|Any CPU.Build.0 = Debug|Any CPU
		{E8F49214-E2B4-4AE0-9716-9B306619E441}.Release|Any CPU.ActiveCfg = Release|Any CPU
		{E8F49214-E2B4-4AE0-9716-9B306619E441}.Release|Any CPU.Build.0 = Release|Any CPU
		{8235DE53-B782-44C7-9D30-2C946E948E71}.Debug|Any CPU.ActiveCfg = Debug|Any CPU
		{8235DE53-B782-44C7-9D30-2C946E948E71}.Debug|Any CPU.Build.0 = Debug|Any CPU
		{8235DE53-B782-44C7-9D30-2C946E948E71}.Release|Any CPU.ActiveCfg = Release|Any CPU
		{8235DE53-B782-44C7-9D30-2C946E948E71}.Release|Any CPU.Build.0 = Release|Any CPU
		{78EBBB07-B71C-4E63-AA82-9FB7C89CB783}.Debug|Any CPU.ActiveCfg = Debug|Any CPU
		{78EBBB07-B71C-4E63-AA82-9FB7C89CB783}.Debug|Any CPU.Build.0 = Debug|Any CPU
		{78EBBB07-B71C-4E63-AA82-9FB7C89CB783}.Release|Any CPU.ActiveCfg = Release|Any CPU
		{78EBBB07-B71C-4E63-AA82-9FB7C89CB783}.Release|Any CPU.Build.0 = Release|Any CPU
	EndGlobalSection
	GlobalSection(SolutionProperties) = preSolution
		HideSolutionNode = FALSE
	EndGlobalSection
	GlobalSection(NestedProjects) = preSolution
		{94EEC534-2DE0-4561-A669-2B3126065387} = {CA76D2CE-6C89-48AE-9475-36D03BF140BF}
		{940ACA75-8141-4FA6-B3D6-B1AC6EAED8EA} = {CA76D2CE-6C89-48AE-9475-36D03BF140BF}
		{1514F9FC-400B-42C8-8EA4-CEA3C48443F6} = {CA76D2CE-6C89-48AE-9475-36D03BF140BF}
		{E8F49214-E2B4-4AE0-9716-9B306619E441} = {884DFE32-958C-4C85-87E5-1A18CFC68010}
		{8235DE53-B782-44C7-9D30-2C946E948E71} = {884DFE32-958C-4C85-87E5-1A18CFC68010}
		{78EBBB07-B71C-4E63-AA82-9FB7C89CB783} = {884DFE32-958C-4C85-87E5-1A18CFC68010}
	EndGlobalSection
	GlobalSection(ExtensibilityGlobals) = postSolution
		SolutionGuid = {7A910FEB-7F01-434F-AB32-B972DBEF1E6D}
	EndGlobalSection
EndGlobal
